
Microsoft Visual Studio Solution File, Format Version 12.00
# Visual Studio Version 17
VisualStudioVersion = 17.5.002.0
MinimumVisualStudioVersion = 10.0.40219.1
Project("{9A19103F-16F7-4668-BE54-9A1E7A4F7556}") = "Avalonia_no_XAML", "Avalonia_no_XAML.csproj", "{353194C2-25B2-43E1-AD08-5CFD59D7D695}"
EndProject
Global
	GlobalSection(SolutionConfigurationPlatforms) = preSolution
		Debug|Any CPU = Debug|Any CPU
		Release|Any CPU = Release|Any CPU
	EndGlobalSection
	GlobalSection(ProjectConfigurationPlatforms) = postSolution
		{353194C2-25B2-43E1-AD08-5CFD59D7D695}.Debug|Any CPU.ActiveCfg = Debug|Any CPU
		{353194C2-25B2-43E1-AD08-5CFD59D7D695}.Debug|Any CPU.Build.0 = Debug|Any CPU
		{353194C2-25B2-43E1-AD08-5CFD59D7D695}.Release|Any CPU.ActiveCfg = Release|Any CPU
		{353194C2-25B2-43E1-AD08-5CFD59D7D695}.Release|Any CPU.Build.0 = Release|Any CPU
	EndGlobalSection
	GlobalSection(SolutionProperties) = preSolution
		HideSolutionNode = FALSE
	EndGlobalSection
	GlobalSection(ExtensibilityGlobals) = postSolution
		SolutionGuid = {EE11F23D-F40D-45DF-B2EB-5B8FB7ABE4BE}
	EndGlobalSection
EndGlobal
